
Microsoft Visual Studio Solution File, Format Version 12.00
# Visual Studio Version 16
VisualStudioVersion = 16.0.30104.148
MinimumVisualStudioVersion = 10.0.40219.1
Project("{FAE04EC0-301F-11D3-BF4B-00C04F79EFBC}") = "MongoRepositoryTests", "MongoRepositoryTests\MongoRepositoryTests.csproj", "{C64E80D9-41B1-4F54-9618-4F5B27E4D8C9}"
EndProject
Project("{9A19103F-16F7-4668-BE54-9A1E7A4F7556}") = "MongoRepositoryDAL", "MongoRepositoryDAL\MongoRepositoryDAL.csproj", "{D9B9915D-6B6F-4746-9D4C-658F7B965546}"
EndProject
Project("{FAE04EC0-301F-11D3-BF4B-00C04F79EFBC}") = "Domain", "Domain\Domain.csproj", "{1093A74D-A76E-4876-82C0-9FBCC1DD499F}"
EndProject
Project("{9A19103F-16F7-4668-BE54-9A1E7A4F7556}") = "Infrastructure", "Infrastructure\Infrastructure.csproj", "{A46A7993-8C0E-44A8-ADF8-F881F81BC681}"
EndProject
Global
	GlobalSection(SolutionConfigurationPlatforms) = preSolution
		Debug|Any CPU = Debug|Any CPU
		Release|Any CPU = Release|Any CPU
	EndGlobalSection
	GlobalSection(ProjectConfigurationPlatforms) = postSolution
		{C64E80D9-41B1-4F54-9618-4F5B27E4D8C9}.Debug|Any CPU.ActiveCfg = Debug|Any CPU
		{C64E80D9-41B1-4F54-9618-4F5B27E4D8C9}.Debug|Any CPU.Build.0 = Debug|Any CPU
		{C64E80D9-41B1-4F54-9618-4F5B27E4D8C9}.Release|Any CPU.ActiveCfg = Release|Any CPU
		{C64E80D9-41B1-4F54-9618-4F5B27E4D8C9}.Release|Any CPU.Build.0 = Release|Any CPU
		{D9B9915D-6B6F-4746-9D4C-658F7B965546}.Debug|Any CPU.ActiveCfg = Debug|Any CPU
		{D9B9915D-6B6F-4746-9D4C-658F7B965546}.Debug|Any CPU.Build.0 = Debug|Any CPU
		{D9B9915D-6B6F-4746-9D4C-658F7B965546}.Release|Any CPU.ActiveCfg = Release|Any CPU
		{D9B9915D-6B6F-4746-9D4C-658F7B965546}.Release|Any CPU.Build.0 = Release|Any CPU
		{1093A74D-A76E-4876-82C0-9FBCC1DD499F}.Debug|Any CPU.ActiveCfg = Debug|Any CPU
		{1093A74D-A76E-4876-82C0-9FBCC1DD499F}.Debug|Any CPU.Build.0 = Debug|Any CPU
		{1093A74D-A76E-4876-82C0-9FBCC1DD499F}.Release|Any CPU.ActiveCfg = Release|Any CPU
		{1093A74D-A76E-4876-82C0-9FBCC1DD499F}.Release|Any CPU.Build.0 = Release|Any CPU
		{A46A7993-8C0E-44A8-ADF8-F881F81BC681}.Debug|Any CPU.ActiveCfg = Debug|Any CPU
		{A46A7993-8C0E-44A8-ADF8-F881F81BC681}.Debug|Any CPU.Build.0 = Debug|Any CPU
		{A46A7993-8C0E-44A8-ADF8-F881F81BC681}.Release|Any CPU.ActiveCfg = Release|Any CPU
		{A46A7993-8C0E-44A8-ADF8-F881F81BC681}.Release|Any CPU.Build.0 = Release|Any CPU
	EndGlobalSection
	GlobalSection(SolutionProperties) = preSolution
		HideSolutionNode = FALSE
	EndGlobalSection
	GlobalSection(ExtensibilityGlobals) = postSolution
		SolutionGuid = {12D75A33-B95D-44F2-8299-98E15FE6F552}
	EndGlobalSection
EndGlobal
